
Microsoft Visual Studio Solution File, Format Version 12.00
# Visual Studio Version 16
VisualStudioVersion = 16.0.30717.126
MinimumVisualStudioVersion = 10.0.40219.1
Project("{FAE04EC0-301F-11D3-BF4B-00C04F79EFBC}") = "WebApp", "ERacingWebApp\WebApp.csproj", "{8B0119CD-FDF3-4BB6-9BF0-3C0B1122A3C1}"
EndProject
Project("{FAE04EC0-301F-11D3-BF4B-00C04F79EFBC}") = "ERacingSystem", "ERacingSystem\ERacingSystem.csproj", "{F8D32300-FDBC-4F4A-AB5E-D80550C2B3E9}"
EndProject
Global
	GlobalSection(SolutionConfigurationPlatforms) = preSolution
		Debug|Any CPU = Debug|Any CPU
		Release|Any CPU = Release|Any CPU
	EndGlobalSection
	GlobalSection(ProjectConfigurationPlatforms) = postSolution
		{8B0119CD-FDF3-4BB6-9BF0-3C0B1122A3C1}.Debug|Any CPU.ActiveCfg = Debug|Any CPU
		{8B0119CD-FDF3-4BB6-9BF0-3C0B1122A3C1}.Debug|Any CPU.Build.0 = Debug|Any CPU
		{8B0119CD-FDF3-4BB6-9BF0-3C0B1122A3C1}.Release|Any CPU.ActiveCfg = Release|Any CPU
		{8B0119CD-FDF3-4BB6-9BF0-3C0B1122A3C1}.Release|Any CPU.Build.0 = Release|Any CPU
		{F8D32300-FDBC-4F4A-AB5E-D80550C2B3E9}.Debug|Any CPU.ActiveCfg = Debug|Any CPU
		{F8D32300-FDBC-4F4A-AB5E-D80550C2B3E9}.Debug|Any CPU.Build.0 = Debug|Any CPU
		{F8D32300-FDBC-4F4A-AB5E-D80550C2B3E9}.Release|Any CPU.ActiveCfg = Release|Any CPU
		{F8D32300-FDBC-4F4A-AB5E-D80550C2B3E9}.Release|Any CPU.Build.0 = Release|Any CPU
	EndGlobalSection
	GlobalSection(SolutionProperties) = preSolution
		HideSolutionNode = FALSE
	EndGlobalSection
	GlobalSection(ExtensibilityGlobals) = postSolution
		SolutionGuid = {5844AC84-2AA4-4375-8C07-D5B21FD64E05}
	EndGlobalSection
EndGlobal
